// !$*UTF8*$!
{
	archiveVersion = 1;
	classes = {
	};
	objectVersion = 55;
	objects = {

/* Begin PBXBuildFile section */
		0C9FAEF827BF72E900FA60C3 /* AppDelegate.swift in Sources */ = {isa = PBXBuildFile; fileRef = 0C9FAEF727BF72E900FA60C3 /* AppDelegate.swift */; };
		0C9FAEFA27BF72E900FA60C3 /* SceneDelegate.swift in Sources */ = {isa = PBXBuildFile; fileRef = 0C9FAEF927BF72E900FA60C3 /* SceneDelegate.swift */; };
		0C9FAEFC27BF72E900FA60C3 /* WeatherViewController.swift in Sources */ = {isa = PBXBuildFile; fileRef = 0C9FAEFB27BF72E900FA60C3 /* WeatherViewController.swift */; };
		0C9FAF0127BF72EA00FA60C3 /* Assets.xcassets in Resources */ = {isa = PBXBuildFile; fileRef = 0C9FAF0027BF72EA00FA60C3 /* Assets.xcassets */; };
		0C9FAF0427BF72EA00FA60C3 /* LaunchScreen.storyboard in Resources */ = {isa = PBXBuildFile; fileRef = 0C9FAF0227BF72EA00FA60C3 /* LaunchScreen.storyboard */; };
		0C9FAF0D27BF7DA500FA60C3 /* Framezilla.xcframework in Frameworks */ = {isa = PBXBuildFile; fileRef = 0C9FAF0C27BF7DA500FA60C3 /* Framezilla.xcframework */; };
		0C9FAF0E27BF7DA500FA60C3 /* Framezilla.xcframework in Embed Frameworks */ = {isa = PBXBuildFile; fileRef = 0C9FAF0C27BF7DA500FA60C3 /* Framezilla.xcframework */; settings = {ATTRIBUTES = (CodeSignOnCopy, RemoveHeadersOnCopy, ); }; };
		0C9FAF1727BF990F00FA60C3 /* Coordinator.swift in Sources */ = {isa = PBXBuildFile; fileRef = 0C9FAF1627BF990F00FA60C3 /* Coordinator.swift */; };
		0C9FAF1927BF992400FA60C3 /* MainCoordinator.swift in Sources */ = {isa = PBXBuildFile; fileRef = 0C9FAF1827BF992400FA60C3 /* MainCoordinator.swift */; };
		0C9FAF1F27C4A56100FA60C3 /* WeatherModule.swift in Sources */ = {isa = PBXBuildFile; fileRef = 0C9FAF1E27C4A56100FA60C3 /* WeatherModule.swift */; };
		0C9FAF2127C4A57800FA60C3 /* WeatherPresenter.swift in Sources */ = {isa = PBXBuildFile; fileRef = 0C9FAF2027C4A57800FA60C3 /* WeatherPresenter.swift */; };
		0C9FAF5A27C4E6E500FA60C3 /* WeatherState.swift in Sources */ = {isa = PBXBuildFile; fileRef = 0C9FAF5927C4E6E400FA60C3 /* WeatherState.swift */; };
		0C9FAF5E27C8B40000FA60C3 /* DataSource.swift in Sources */ = {isa = PBXBuildFile; fileRef = 0C9FAF5D27C8B40000FA60C3 /* DataSource.swift */; };
		0C9FAF6127CCAEBB00FA60C3 /* CityState.swift in Sources */ = {isa = PBXBuildFile; fileRef = 0C9FAF6027CCAEBB00FA60C3 /* CityState.swift */; };
		0C9FAF6327CCAEC800FA60C3 /* CityPresenter.swift in Sources */ = {isa = PBXBuildFile; fileRef = 0C9FAF6227CCAEC800FA60C3 /* CityPresenter.swift */; };
		0C9FAF6527CCAED900FA60C3 /* CityModule.swift in Sources */ = {isa = PBXBuildFile; fileRef = 0C9FAF6427CCAED900FA60C3 /* CityModule.swift */; };
		0C9FAF6727CCAEFA00FA60C3 /* CityViewController.swift in Sources */ = {isa = PBXBuildFile; fileRef = 0C9FAF6627CCAEFA00FA60C3 /* CityViewController.swift */; };
/* End PBXBuildFile section */

/* Begin PBXCopyFilesBuildPhase section */
		0C9FAF0F27BF7DA500FA60C3 /* Embed Frameworks */ = {
			isa = PBXCopyFilesBuildPhase;
			buildActionMask = 2147483647;
			dstPath = "";
			dstSubfolderSpec = 10;
			files = (
				0C9FAF0E27BF7DA500FA60C3 /* Framezilla.xcframework in Embed Frameworks */,
			);
			name = "Embed Frameworks";
			runOnlyForDeploymentPostprocessing = 0;
		};
/* End PBXCopyFilesBuildPhase section */

/* Begin PBXFileReference section */
		0C9FAEF427BF72E900FA60C3 /* weather.app */ = {isa = PBXFileReference; explicitFileType = wrapper.application; includeInIndex = 0; path = weather.app; sourceTree = BUILT_PRODUCTS_DIR; };
		0C9FAEF727BF72E900FA60C3 /* AppDelegate.swift */ = {isa = PBXFileReference; lastKnownFileType = sourcecode.swift; path = AppDelegate.swift; sourceTree = "<group>"; };
		0C9FAEF927BF72E900FA60C3 /* SceneDelegate.swift */ = {isa = PBXFileReference; lastKnownFileType = sourcecode.swift; path = SceneDelegate.swift; sourceTree = "<group>"; };
		0C9FAEFB27BF72E900FA60C3 /* WeatherViewController.swift */ = {isa = PBXFileReference; lastKnownFileType = sourcecode.swift; path = WeatherViewController.swift; sourceTree = "<group>"; };
		0C9FAF0027BF72EA00FA60C3 /* Assets.xcassets */ = {isa = PBXFileReference; lastKnownFileType = folder.assetcatalog; path = Assets.xcassets; sourceTree = "<group>"; };
		0C9FAF0327BF72EA00FA60C3 /* Base */ = {isa = PBXFileReference; lastKnownFileType = file.storyboard; name = Base; path = Base.lproj/LaunchScreen.storyboard; sourceTree = "<group>"; };
		0C9FAF0527BF72EA00FA60C3 /* Info.plist */ = {isa = PBXFileReference; lastKnownFileType = text.plist.xml; path = Info.plist; sourceTree = "<group>"; };
		0C9FAF0C27BF7DA500FA60C3 /* Framezilla.xcframework */ = {isa = PBXFileReference; lastKnownFileType = wrapper.xcframework; name = Framezilla.xcframework; path = Carthage/Build/Framezilla.xcframework; sourceTree = "<group>"; };
		0C9FAF1627BF990F00FA60C3 /* Coordinator.swift */ = {isa = PBXFileReference; lastKnownFileType = sourcecode.swift; path = Coordinator.swift; sourceTree = "<group>"; };
		0C9FAF1827BF992400FA60C3 /* MainCoordinator.swift */ = {isa = PBXFileReference; lastKnownFileType = sourcecode.swift; path = MainCoordinator.swift; sourceTree = "<group>"; };
		0C9FAF1E27C4A56100FA60C3 /* WeatherModule.swift */ = {isa = PBXFileReference; lastKnownFileType = sourcecode.swift; path = WeatherModule.swift; sourceTree = "<group>"; };
		0C9FAF2027C4A57800FA60C3 /* WeatherPresenter.swift */ = {isa = PBXFileReference; lastKnownFileType = sourcecode.swift; path = WeatherPresenter.swift; sourceTree = "<group>"; };
		0C9FAF5927C4E6E400FA60C3 /* WeatherState.swift */ = {isa = PBXFileReference; lastKnownFileType = sourcecode.swift; path = WeatherState.swift; sourceTree = "<group>"; };
		0C9FAF5D27C8B40000FA60C3 /* DataSource.swift */ = {isa = PBXFileReference; fileEncoding = 4; lastKnownFileType = sourcecode.swift; name = DataSource.swift; path = ../../../../../Downloads/Resources/DataSource.swift; sourceTree = "<group>"; };
		0C9FAF6027CCAEBB00FA60C3 /* CityState.swift */ = {isa = PBXFileReference; lastKnownFileType = sourcecode.swift; path = CityState.swift; sourceTree = "<group>"; };
		0C9FAF6227CCAEC800FA60C3 /* CityPresenter.swift */ = {isa = PBXFileReference; lastKnownFileType = sourcecode.swift; path = CityPresenter.swift; sourceTree = "<group>"; };
		0C9FAF6427CCAED900FA60C3 /* CityModule.swift */ = {isa = PBXFileReference; lastKnownFileType = sourcecode.swift; path = CityModule.swift; sourceTree = "<group>"; };
		0C9FAF6627CCAEFA00FA60C3 /* CityViewController.swift */ = {isa = PBXFileReference; lastKnownFileType = sourcecode.swift; path = CityViewController.swift; sourceTree = "<group>"; };
/* End PBXFileReference section */

/* Begin PBXFrameworksBuildPhase section */
		0C9FAEF127BF72E900FA60C3 /* Frameworks */ = {
			isa = PBXFrameworksBuildPhase;
			buildActionMask = 2147483647;
			files = (
				0C9FAF0D27BF7DA500FA60C3 /* Framezilla.xcframework in Frameworks */,
			);
			runOnlyForDeploymentPostprocessing = 0;
		};
/* End PBXFrameworksBuildPhase section */

/* Begin PBXGroup section */
		0C9FAEEB27BF72E900FA60C3 = {
			isa = PBXGroup;
			children = (
				0C9FAEF627BF72E900FA60C3 /* weather */,
				0C9FAEF527BF72E900FA60C3 /* Products */,
				0C9FAF0B27BF7DA500FA60C3 /* Frameworks */,
			);
			sourceTree = "<group>";
		};
		0C9FAEF527BF72E900FA60C3 /* Products */ = {
			isa = PBXGroup;
			children = (
				0C9FAEF427BF72E900FA60C3 /* weather.app */,
			);
			name = Products;
			sourceTree = "<group>";
		};
		0C9FAEF627BF72E900FA60C3 /* weather */ = {
			isa = PBXGroup;
			children = (
				0C9FAEF727BF72E900FA60C3 /* AppDelegate.swift */,
				0C9FAF5D27C8B40000FA60C3 /* DataSource.swift */,
				0C9FAEF927BF72E900FA60C3 /* SceneDelegate.swift */,
				0C9FAF1B27BF9AF700FA60C3 /* Coordinator */,
				0C9FAF1C27C4A47800FA60C3 /* Modules */,
				0C9FAF0027BF72EA00FA60C3 /* Assets.xcassets */,
				0C9FAF0227BF72EA00FA60C3 /* LaunchScreen.storyboard */,
				0C9FAF0527BF72EA00FA60C3 /* Info.plist */,
			);
			path = weather;
			sourceTree = "<group>";
		};
		0C9FAF0B27BF7DA500FA60C3 /* Frameworks */ = {
			isa = PBXGroup;
			children = (
				0C9FAF0C27BF7DA500FA60C3 /* Framezilla.xcframework */,
			);
			name = Frameworks;
			sourceTree = "<group>";
		};
		0C9FAF1B27BF9AF700FA60C3 /* Coordinator */ = {
			isa = PBXGroup;
			children = (
				0C9FAF1827BF992400FA60C3 /* MainCoordinator.swift */,
				0C9FAF1627BF990F00FA60C3 /* Coordinator.swift */,
			);
			path = Coordinator;
			sourceTree = "<group>";
		};
		0C9FAF1C27C4A47800FA60C3 /* Modules */ = {
			isa = PBXGroup;
			children = (
				0C9FAF5F27CCAE9F00FA60C3 /* CityModule */,
				0C9FAF1D27C4A48900FA60C3 /* WeatherModule */,
			);
			path = Modules;
			sourceTree = "<group>";
		};
		0C9FAF1D27C4A48900FA60C3 /* WeatherModule */ = {
			isa = PBXGroup;
			children = (
				0C9FAEFB27BF72E900FA60C3 /* WeatherViewController.swift */,
				0C9FAF1E27C4A56100FA60C3 /* WeatherModule.swift */,
				0C9FAF2027C4A57800FA60C3 /* WeatherPresenter.swift */,
				0C9FAF5927C4E6E400FA60C3 /* WeatherState.swift */,
			);
			path = WeatherModule;
			sourceTree = "<group>";
		};
		0C9FAF5F27CCAE9F00FA60C3 /* CityModule */ = {
			isa = PBXGroup;
			children = (
				0C9FAF6027CCAEBB00FA60C3 /* CityState.swift */,
				0C9FAF6427CCAED900FA60C3 /* CityModule.swift */,
				0C9FAF6227CCAEC800FA60C3 /* CityPresenter.swift */,
				0C9FAF6627CCAEFA00FA60C3 /* CityViewController.swift */,
			);
			path = CityModule;
			sourceTree = "<group>";
		};
/* End PBXGroup section */

/* Begin PBXNativeTarget section */
		0C9FAEF327BF72E900FA60C3 /* weather */ = {
			isa = PBXNativeTarget;
			buildConfigurationList = 0C9FAF0827BF72EA00FA60C3 /* Build configuration list for PBXNativeTarget "weather" */;
			buildPhases = (
				0C9FAEF027BF72E900FA60C3 /* Sources */,
				0C9FAEF127BF72E900FA60C3 /* Frameworks */,
				0C9FAEF227BF72E900FA60C3 /* Resources */,
				0C9FAF0F27BF7DA500FA60C3 /* Embed Frameworks */,
			);
			buildRules = (
			);
			dependencies = (
			);
			name = weather;
			productName = weather;
			productReference = 0C9FAEF427BF72E900FA60C3 /* weather.app */;
			productType = "com.apple.product-type.application";
		};
/* End PBXNativeTarget section */

/* Begin PBXProject section */
		0C9FAEEC27BF72E900FA60C3 /* Project object */ = {
			isa = PBXProject;
			attributes = {
				BuildIndependentTargetsInParallel = 1;
				LastSwiftUpdateCheck = 1320;
				LastUpgradeCheck = 1320;
				TargetAttributes = {
					0C9FAEF327BF72E900FA60C3 = {
						CreatedOnToolsVersion = 13.2.1;
					};
				};
			};
			buildConfigurationList = 0C9FAEEF27BF72E900FA60C3 /* Build configuration list for PBXProject "weather" */;
			compatibilityVersion = "Xcode 13.0";
			developmentRegion = en;
			hasScannedForEncodings = 0;
			knownRegions = (
				en,
				Base,
			);
			mainGroup = 0C9FAEEB27BF72E900FA60C3;
			productRefGroup = 0C9FAEF527BF72E900FA60C3 /* Products */;
			projectDirPath = "";
			projectRoot = "";
			targets = (
				0C9FAEF327BF72E900FA60C3 /* weather */,
			);
		};
/* End PBXProject section */

/* Begin PBXResourcesBuildPhase section */
		0C9FAEF227BF72E900FA60C3 /* Resources */ = {
			isa = PBXResourcesBuildPhase;
			buildActionMask = 2147483647;
			files = (
				0C9FAF0427BF72EA00FA60C3 /* LaunchScreen.storyboard in Resources */,
				0C9FAF0127BF72EA00FA60C3 /* Assets.xcassets in Resources */,
			);
			runOnlyForDeploymentPostprocessing = 0;
		};
/* End PBXResourcesBuildPhase section */

/* Begin PBXSourcesBuildPhase section */
		0C9FAEF027BF72E900FA60C3 /* Sources */ = {
			isa = PBXSourcesBuildPhase;
			buildActionMask = 2147483647;
			files = (
				0C9FAF1727BF990F00FA60C3 /* Coordinator.swift in Sources */,
				0C9FAF6727CCAEFA00FA60C3 /* CityViewController.swift in Sources */,
				0C9FAEFC27BF72E900FA60C3 /* WeatherViewController.swift in Sources */,
				0C9FAF6127CCAEBB00FA60C3 /* CityState.swift in Sources */,
				0C9FAF1F27C4A56100FA60C3 /* WeatherModule.swift in Sources */,
				0C9FAF5E27C8B40000FA60C3 /* DataSource.swift in Sources */,
				0C9FAEF827BF72E900FA60C3 /* AppDelegate.swift in Sources */,
				0C9FAF2127C4A57800FA60C3 /* WeatherPresenter.swift in Sources */,
				0C9FAF1927BF992400FA60C3 /* MainCoordinator.swift in Sources */,
				0C9FAF5A27C4E6E500FA60C3 /* WeatherState.swift in Sources */,
				0C9FAEFA27BF72E900FA60C3 /* SceneDelegate.swift in Sources */,
				0C9FAF6527CCAED900FA60C3 /* CityModule.swift in Sources */,
				0C9FAF6327CCAEC800FA60C3 /* CityPresenter.swift in Sources */,
			);
			runOnlyForDeploymentPostprocessing = 0;
		};
/* End PBXSourcesBuildPhase section */

/* Begin PBXVariantGroup section */
		0C9FAF0227BF72EA00FA60C3 /* LaunchScreen.storyboard */ = {
			isa = PBXVariantGroup;
			children = (
				0C9FAF0327BF72EA00FA60C3 /* Base */,
			);
			name = LaunchScreen.storyboard;
			sourceTree = "<group>";
		};
/* End PBXVariantGroup section */

/* Begin XCBuildConfiguration section */
		0C9FAF0627BF72EA00FA60C3 /* Debug */ = {
			isa = XCBuildConfiguration;
			buildSettings = {
				ALWAYS_SEARCH_USER_PATHS = NO;
				CLANG_ANALYZER_NONNULL = YES;
				CLANG_ANALYZER_NUMBER_OBJECT_CONVERSION = YES_AGGRESSIVE;
				CLANG_CXX_LANGUAGE_STANDARD = "gnu++17";
				CLANG_CXX_LIBRARY = "libc++";
				CLANG_ENABLE_MODULES = YES;
				CLANG_ENABLE_OBJC_ARC = YES;
				CLANG_ENABLE_OBJC_WEAK = YES;
				CLANG_WARN_BLOCK_CAPTURE_AUTORELEASING = YES;
				CLANG_WARN_BOOL_CONVERSION = YES;
				CLANG_WARN_COMMA = YES;
				CLANG_WARN_CONSTANT_CONVERSION = YES;
				CLANG_WARN_DEPRECATED_OBJC_IMPLEMENTATIONS = YES;
				CLANG_WARN_DIRECT_OBJC_ISA_USAGE = YES_ERROR;
				CLANG_WARN_DOCUMENTATION_COMMENTS = YES;
				CLANG_WARN_EMPTY_BODY = YES;
				CLANG_WARN_ENUM_CONVERSION = YES;
				CLANG_WARN_INFINITE_RECURSION = YES;
				CLANG_WARN_INT_CONVERSION = YES;
				CLANG_WARN_NON_LITERAL_NULL_CONVERSION = YES;
				CLANG_WARN_OBJC_IMPLICIT_RETAIN_SELF = YES;
				CLANG_WARN_OBJC_LITERAL_CONVERSION = YES;
				CLANG_WARN_OBJC_ROOT_CLASS = YES_ERROR;
				CLANG_WARN_QUOTED_INCLUDE_IN_FRAMEWORK_HEADER = YES;
				CLANG_WARN_RANGE_LOOP_ANALYSIS = YES;
				CLANG_WARN_STRICT_PROTOTYPES = YES;
				CLANG_WARN_SUSPICIOUS_MOVE = YES;
				CLANG_WARN_UNGUARDED_AVAILABILITY = YES_AGGRESSIVE;
				CLANG_WARN_UNREACHABLE_CODE = YES;
				CLANG_WARN__DUPLICATE_METHOD_MATCH = YES;
				COPY_PHASE_STRIP = NO;
				DEBUG_INFORMATION_FORMAT = dwarf;
				ENABLE_STRICT_OBJC_MSGSEND = YES;
				ENABLE_TESTABILITY = YES;
				GCC_C_LANGUAGE_STANDARD = gnu11;
				GCC_DYNAMIC_NO_PIC = NO;
				GCC_NO_COMMON_BLOCKS = YES;
				GCC_OPTIMIZATION_LEVEL = 0;
				GCC_PREPROCESSOR_DEFINITIONS = (
					"DEBUG=1",
					"$(inherited)",
				);
				GCC_WARN_64_TO_32_BIT_CONVERSION = YES;
				GCC_WARN_ABOUT_RETURN_TYPE = YES_ERROR;
				GCC_WARN_UNDECLARED_SELECTOR = YES;
				GCC_WARN_UNINITIALIZED_AUTOS = YES_AGGRESSIVE;
				GCC_WARN_UNUSED_FUNCTION = YES;
				GCC_WARN_UNUSED_VARIABLE = YES;
				IPHONEOS_DEPLOYMENT_TARGET = 15.2;
				MTL_ENABLE_DEBUG_INFO = INCLUDE_SOURCE;
				MTL_FAST_MATH = YES;
				ONLY_ACTIVE_ARCH = YES;
				SDKROOT = iphoneos;
				SWIFT_ACTIVE_COMPILATION_CONDITIONS = DEBUG;
				SWIFT_OPTIMIZATION_LEVEL = "-Onone";
			};
			name = Debug;
		};
		0C9FAF0727BF72EA00FA60C3 /* Release */ = {
			isa = XCBuildConfiguration;
			buildSettings = {
				ALWAYS_SEARCH_USER_PATHS = NO;
				CLANG_ANALYZER_NONNULL = YES;
				CLANG_ANALYZER_NUMBER_OBJECT_CONVERSION = YES_AGGRESSIVE;
				CLANG_CXX_LANGUAGE_STANDARD = "gnu++17";
				CLANG_CXX_LIBRARY = "libc++";
				CLANG_ENABLE_MODULES = YES;
				CLANG_ENABLE_OBJC_ARC = YES;
				CLANG_ENABLE_OBJC_WEAK = YES;
				CLANG_WARN_BLOCK_CAPTURE_AUTORELEASING = YES;
				CLANG_WARN_BOOL_CONVERSION = YES;
				CLANG_WARN_COMMA = YES;
				CLANG_WARN_CONSTANT_CONVERSION = YES;
				CLANG_WARN_DEPRECATED_OBJC_IMPLEMENTATIONS = YES;
				CLANG_WARN_DIRECT_OBJC_ISA_USAGE = YES_ERROR;
				CLANG_WARN_DOCUMENTATION_COMMENTS = YES;
				CLANG_WARN_EMPTY_BODY = YES;
				CLANG_WARN_ENUM_CONVERSION = YES;
				CLANG_WARN_INFINITE_RECURSION = YES;
				CLANG_WARN_INT_CONVERSION = YES;
				CLANG_WARN_NON_LITERAL_NULL_CONVERSION = YES;
				CLANG_WARN_OBJC_IMPLICIT_RETAIN_SELF = YES;
				CLANG_WARN_OBJC_LITERAL_CONVERSION = YES;
				CLANG_WARN_OBJC_ROOT_CLASS = YES_ERROR;
				CLANG_WARN_QUOTED_INCLUDE_IN_FRAMEWORK_HEADER = YES;
				CLANG_WARN_RANGE_LOOP_ANALYSIS = YES;
				CLANG_WARN_STRICT_PROTOTYPES = YES;
				CLANG_WARN_SUSPICIOUS_MOVE = YES;
				CLANG_WARN_UNGUARDED_AVAILABILITY = YES_AGGRESSIVE;
				CLANG_WARN_UNREACHABLE_CODE = YES;
				CLANG_WARN__DUPLICATE_METHOD_MATCH = YES;
				COPY_PHASE_STRIP = NO;
				DEBUG_INFORMATION_FORMAT = "dwarf-with-dsym";
				ENABLE_NS_ASSERTIONS = NO;
				ENABLE_STRICT_OBJC_MSGSEND = YES;
				GCC_C_LANGUAGE_STANDARD = gnu11;
				GCC_NO_COMMON_BLOCKS = YES;
				GCC_WARN_64_TO_32_BIT_CONVERSION = YES;
				GCC_WARN_ABOUT_RETURN_TYPE = YES_ERROR;
				GCC_WARN_UNDECLARED_SELECTOR = YES;
				GCC_WARN_UNINITIALIZED_AUTOS = YES_AGGRESSIVE;
				GCC_WARN_UNUSED_FUNCTION = YES;
				GCC_WARN_UNUSED_VARIABLE = YES;
				IPHONEOS_DEPLOYMENT_TARGET = 15.2;
				MTL_ENABLE_DEBUG_INFO = NO;
				MTL_FAST_MATH = YES;
				SDKROOT = iphoneos;
				SWIFT_COMPILATION_MODE = wholemodule;
				SWIFT_OPTIMIZATION_LEVEL = "-O";
				VALIDATE_PRODUCT = YES;
			};
			name = Release;
		};
		0C9FAF0927BF72EA00FA60C3 /* Debug */ = {
			isa = XCBuildConfiguration;
			buildSettings = {
				ASSETCATALOG_COMPILER_APPICON_NAME = AppIcon;
				ASSETCATALOG_COMPILER_GLOBAL_ACCENT_COLOR_NAME = AccentColor;
				CODE_SIGN_STYLE = Automatic;
				CURRENT_PROJECT_VERSION = 1;
				DEVELOPMENT_TEAM = KW7TZY6VHF;
				GENERATE_INFOPLIST_FILE = YES;
				INFOPLIST_FILE = weather/Info.plist;
				INFOPLIST_KEY_UIApplicationSupportsIndirectInputEvents = YES;
				INFOPLIST_KEY_UILaunchStoryboardName = LaunchScreen;
				INFOPLIST_KEY_UISupportedInterfaceOrientations_iPad = "UIInterfaceOrientationPortrait UIInterfaceOrientationPortraitUpsideDown UIInterfaceOrientationLandscapeLeft UIInterfaceOrientationLandscapeRight";
				INFOPLIST_KEY_UISupportedInterfaceOrientations_iPhone = "UIInterfaceOrientationPortrait UIInterfaceOrientationLandscapeLeft UIInterfaceOrientationLandscapeRight";
				LD_RUNPATH_SEARCH_PATHS = (
					"$(inherited)",
					"@executable_path/Frameworks",
				);
				MARKETING_VERSION = 1.0;
				PRODUCT_BUNDLE_IDENTIFIER = yakovlev.weather;
				PRODUCT_NAME = "$(TARGET_NAME)";
				SWIFT_EMIT_LOC_STRINGS = YES;
				SWIFT_VERSION = 5.0;
				TARGETED_DEVICE_FAMILY = "1,2";
			};
			name = Debug;
		};
		0C9FAF0A27BF72EA00FA60C3 /* Release */ = {
			isa = XCBuildConfiguration;
			buildSettings = {
				ASSETCATALOG_COMPILER_APPICON_NAME = AppIcon;
				ASSETCATALOG_COMPILER_GLOBAL_ACCENT_COLOR_NAME = AccentColor;
				CODE_SIGN_STYLE = Automatic;
				CURRENT_PROJECT_VERSION = 1;
				DEVELOPMENT_TEAM = KW7TZY6VHF;
				GENERATE_INFOPLIST_FILE = YES;
				INFOPLIST_FILE = weather/Info.plist;
				INFOPLIST_KEY_UIApplicationSupportsIndirectInputEvents = YES;
				INFOPLIST_KEY_UILaunchStoryboardName = LaunchScreen;
				INFOPLIST_KEY_UISupportedInterfaceOrientations_iPad = "UIInterfaceOrientationPortrait UIInterfaceOrientationPortraitUpsideDown UIInterfaceOrientationLandscapeLeft UIInterfaceOrientationLandscapeRight";
				INFOPLIST_KEY_UISupportedInterfaceOrientations_iPhone = "UIInterfaceOrientationPortrait UIInterfaceOrientationLandscapeLeft UIInterfaceOrientationLandscapeRight";
				LD_RUNPATH_SEARCH_PATHS = (
					"$(inherited)",
					"@executable_path/Frameworks",
				);
				MARKETING_VERSION = 1.0;
				PRODUCT_BUNDLE_IDENTIFIER = yakovlev.weather;
				PRODUCT_NAME = "$(TARGET_NAME)";
				SWIFT_EMIT_LOC_STRINGS = YES;
				SWIFT_VERSION = 5.0;
				TARGETED_DEVICE_FAMILY = "1,2";
			};
			name = Release;
		};
/* End XCBuildConfiguration section */

/* Begin XCConfigurationList section */
		0C9FAEEF27BF72E900FA60C3 /* Build configuration list for PBXProject "weather" */ = {
			isa = XCConfigurationList;
			buildConfigurations = (
				0C9FAF0627BF72EA00FA60C3 /* Debug */,
				0C9FAF0727BF72EA00FA60C3 /* Release */,
			);
			defaultConfigurationIsVisible = 0;
			defaultConfigurationName = Release;
		};
		0C9FAF0827BF72EA00FA60C3 /* Build configuration list for PBXNativeTarget "weather" */ = {
			isa = XCConfigurationList;
			buildConfigurations = (
				0C9FAF0927BF72EA00FA60C3 /* Debug */,
				0C9FAF0A27BF72EA00FA60C3 /* Release */,
			);
			defaultConfigurationIsVisible = 0;
			defaultConfigurationName = Release;
		};
/* End XCConfigurationList section */
	};
	rootObject = 0C9FAEEC27BF72E900FA60C3 /* Project object */;
}
